
Microsoft Visual Studio Solution File, Format Version 12.00
# Visual Studio Version 17
VisualStudioVersion = 17.0.31903.59
MinimumVisualStudioVersion = 10.0.40219.1
Project("{FAE04EC0-301F-11D3-BF4B-00C04F79EFBC}") = "pbl6-test", "pbl6-test\pbl6-test.csproj", "{B467496E-6A2F-436A-B007-EA26F58FD883}"
EndProject
Global
	GlobalSection(SolutionConfigurationPlatforms) = preSolution
		Debug|Any CPU = Debug|Any CPU
		Release|Any CPU = Release|Any CPU
	EndGlobalSection
	GlobalSection(SolutionProperties) = preSolution
		HideSolutionNode = FALSE
	EndGlobalSection
	GlobalSection(ProjectConfigurationPlatforms) = postSolution
		{B467496E-6A2F-436A-B007-EA26F58FD883}.Debug|Any CPU.ActiveCfg = Debug|Any CPU
		{B467496E-6A2F-436A-B007-EA26F58FD883}.Debug|Any CPU.Build.0 = Debug|Any CPU
		{B467496E-6A2F-436A-B007-EA26F58FD883}.Release|Any CPU.ActiveCfg = Release|Any CPU
		{B467496E-6A2F-436A-B007-EA26F58FD883}.Release|Any CPU.Build.0 = Release|Any CPU
	EndGlobalSection
EndGlobal
